
Microsoft Visual Studio Solution File, Format Version 12.00
# Visual Studio 15
VisualStudioVersion = 15.0.28307.329
MinimumVisualStudioVersion = 10.0.40219.1
Project("{8BC9CEB8-8B4A-11D0-8D11-00A0C91BC942}") = "190516", "190516.vcxproj", "{B5958C23-1019-43A0-B896-DCEBD352F946}"
EndProject
Global
	GlobalSection(SolutionConfigurationPlatforms) = preSolution
		Debug|x64 = Debug|x64
		Debug|x86 = Debug|x86
		Release|x64 = Release|x64
		Release|x86 = Release|x86
	EndGlobalSection
	GlobalSection(ProjectConfigurationPlatforms) = postSolution
		{B5958C23-1019-43A0-B896-DCEBD352F946}.Debug|x64.ActiveCfg = Debug|x64
		{B5958C23-1019-43A0-B896-DCEBD352F946}.Debug|x64.Build.0 = Debug|x64
		{B5958C23-1019-43A0-B896-DCEBD352F946}.Debug|x86.ActiveCfg = Debug|Win32
		{B5958C23-1019-43A0-B896-DCEBD352F946}.Debug|x86.Build.0 = Debug|Win32
		{B5958C23-1019-43A0-B896-DCEBD352F946}.Release|x64.ActiveCfg = Release|x64
		{B5958C23-1019-43A0-B896-DCEBD352F946}.Release|x64.Build.0 = Release|x64
		{B5958C23-1019-43A0-B896-DCEBD352F946}.Release|x86.ActiveCfg = Release|Win32
		{B5958C23-1019-43A0-B896-DCEBD352F946}.Release|x86.Build.0 = Release|Win32
	EndGlobalSection
	GlobalSection(SolutionProperties) = preSolution
		HideSolutionNode = FALSE
	EndGlobalSection
	GlobalSection(ExtensibilityGlobals) = postSolution
		SolutionGuid = {EFEF23C2-0F2A-4446-84AC-C81C3B9B11C3}
	EndGlobalSection
EndGlobal
