
Microsoft Visual Studio Solution File, Format Version 12.00
# Visual Studio 15
VisualStudioVersion = 15.0.28307.329
MinimumVisualStudioVersion = 10.0.40219.1
Project("{8BC9CEB8-8B4A-11D0-8D11-00A0C91BC942}") = "190429", "190429.vcxproj", "{059BDCFC-74CA-4151-9DF8-94FAB4734532}"
EndProject
Global
	GlobalSection(SolutionConfigurationPlatforms) = preSolution
		Debug|x64 = Debug|x64
		Debug|x86 = Debug|x86
		Release|x64 = Release|x64
		Release|x86 = Release|x86
	EndGlobalSection
	GlobalSection(ProjectConfigurationPlatforms) = postSolution
		{059BDCFC-74CA-4151-9DF8-94FAB4734532}.Debug|x64.ActiveCfg = Debug|x64
		{059BDCFC-74CA-4151-9DF8-94FAB4734532}.Debug|x64.Build.0 = Debug|x64
		{059BDCFC-74CA-4151-9DF8-94FAB4734532}.Debug|x86.ActiveCfg = Debug|Win32
		{059BDCFC-74CA-4151-9DF8-94FAB4734532}.Debug|x86.Build.0 = Debug|Win32
		{059BDCFC-74CA-4151-9DF8-94FAB4734532}.Release|x64.ActiveCfg = Release|x64
		{059BDCFC-74CA-4151-9DF8-94FAB4734532}.Release|x64.Build.0 = Release|x64
		{059BDCFC-74CA-4151-9DF8-94FAB4734532}.Release|x86.ActiveCfg = Release|Win32
		{059BDCFC-74CA-4151-9DF8-94FAB4734532}.Release|x86.Build.0 = Release|Win32
	EndGlobalSection
	GlobalSection(SolutionProperties) = preSolution
		HideSolutionNode = FALSE
	EndGlobalSection
	GlobalSection(ExtensibilityGlobals) = postSolution
		SolutionGuid = {9E8AFEE9-0F44-4D9C-8D70-2F3795D28A1F}
	EndGlobalSection
EndGlobal
